// !$*UTF8*$!
{
	archiveVersion = 1;
	classes = {
	};
	objectVersion = 50;
	objects = {

/* Begin PBXBuildFile section */
		3AAC30FB25ADCE83003A05C0 /* AppDelegate.swift in Sources */ = {isa = PBXBuildFile; fileRef = 3AAC30FA25ADCE83003A05C0 /* AppDelegate.swift */; };
		3AAC30FD25ADCE83003A05C0 /* SceneDelegate.swift in Sources */ = {isa = PBXBuildFile; fileRef = 3AAC30FC25ADCE83003A05C0 /* SceneDelegate.swift */; };
		3AAC30FF25ADCE83003A05C0 /* ViewController.swift in Sources */ = {isa = PBXBuildFile; fileRef = 3AAC30FE25ADCE83003A05C0 /* ViewController.swift */; };
		3AAC310225ADCE83003A05C0 /* Main.storyboard in Resources */ = {isa = PBXBuildFile; fileRef = 3AAC310025ADCE83003A05C0 /* Main.storyboard */; };
		3AAC310425ADCE86003A05C0 /* Assets.xcassets in Resources */ = {isa = PBXBuildFile; fileRef = 3AAC310325ADCE86003A05C0 /* Assets.xcassets */; };
		3AAC310725ADCE86003A05C0 /* LaunchScreen.storyboard in Resources */ = {isa = PBXBuildFile; fileRef = 3AAC310525ADCE86003A05C0 /* LaunchScreen.storyboard */; };
		3AAC311225ADE12B003A05C0 /* NextViewController.swift in Sources */ = {isa = PBXBuildFile; fileRef = 3AAC311125ADE12B003A05C0 /* NextViewController.swift */; };
/* End PBXBuildFile section */

/* Begin PBXFileReference section */
		3AAC30F725ADCE83003A05C0 /* swift_tutorial.app */ = {isa = PBXFileReference; explicitFileType = wrapper.application; includeInIndex = 0; path = swift_tutorial.app; sourceTree = BUILT_PRODUCTS_DIR; };
		3AAC30FA25ADCE83003A05C0 /* AppDelegate.swift */ = {isa = PBXFileReference; lastKnownFileType = sourcecode.swift; path = AppDelegate.swift; sourceTree = "<group>"; };
		3AAC30FC25ADCE83003A05C0 /* SceneDelegate.swift */ = {isa = PBXFileReference; lastKnownFileType = sourcecode.swift; path = SceneDelegate.swift; sourceTree = "<group>"; };
		3AAC30FE25ADCE83003A05C0 /* ViewController.swift */ = {isa = PBXFileReference; lastKnownFileType = sourcecode.swift; path = ViewController.swift; sourceTree = "<group>"; };
		3AAC310125ADCE83003A05C0 /* Base */ = {isa = PBXFileReference; lastKnownFileType = file.storyboard; name = Base; path = Base.lproj/Main.storyboard; sourceTree = "<group>"; };
		3AAC310325ADCE86003A05C0 /* Assets.xcassets */ = {isa = PBXFileReference; lastKnownFileType = folder.assetcatalog; path = Assets.xcassets; sourceTree = "<group>"; };
		3AAC310625ADCE86003A05C0 /* Base */ = {isa = PBXFileReference; lastKnownFileType = file.storyboard; name = Base; path = Base.lproj/LaunchScreen.storyboard; sourceTree = "<group>"; };
		3AAC310825ADCE86003A05C0 /* Info.plist */ = {isa = PBXFileReference; lastKnownFileType = text.plist.xml; path = Info.plist; sourceTree = "<group>"; };
		3AAC311125ADE12B003A05C0 /* NextViewController.swift */ = {isa = PBXFileReference; lastKnownFileType = sourcecode.swift; path = NextViewController.swift; sourceTree = "<group>"; };
/* End PBXFileReference section */

/* Begin PBXFrameworksBuildPhase section */
		3AAC30F425ADCE83003A05C0 /* Frameworks */ = {
			isa = PBXFrameworksBuildPhase;
			buildActionMask = 2147483647;
			files = (
			);
			runOnlyForDeploymentPostprocessing = 0;
		};
/* End PBXFrameworksBuildPhase section */

/* Begin PBXGroup section */
		3AAC30EE25ADCE83003A05C0 = {
			isa = PBXGroup;
			children = (
				3AAC30F925ADCE83003A05C0 /* swift_tutorial */,
				3AAC30F825ADCE83003A05C0 /* Products */,
			);
			sourceTree = "<group>";
		};
		3AAC30F825ADCE83003A05C0 /* Products */ = {
			isa = PBXGroup;
			children = (
				3AAC30F725ADCE83003A05C0 /* swift_tutorial.app */,
			);
			name = Products;
			sourceTree = "<group>";
		};
		3AAC30F925ADCE83003A05C0 /* swift_tutorial */ = {
			isa = PBXGroup;
			children = (
				3AAC30FA25ADCE83003A05C0 /* AppDelegate.swift */,
				3AAC30FC25ADCE83003A05C0 /* SceneDelegate.swift */,
				3AAC30FE25ADCE83003A05C0 /* ViewController.swift */,
				3AAC311125ADE12B003A05C0 /* NextViewController.swift */,
				3AAC310025ADCE83003A05C0 /* Main.storyboard */,
				3AAC310325ADCE86003A05C0 /* Assets.xcassets */,
				3AAC310525ADCE86003A05C0 /* LaunchScreen.storyboard */,
				3AAC310825ADCE86003A05C0 /* Info.plist */,
			);
			path = swift_tutorial;
			sourceTree = "<group>";
		};
/* End PBXGroup section */

/* Begin PBXNativeTarget section */
		3AAC30F625ADCE83003A05C0 /* swift_tutorial */ = {
			isa = PBXNativeTarget;
			buildConfigurationList = 3AAC310B25ADCE86003A05C0 /* Build configuration list for PBXNativeTarget "swift_tutorial" */;
			buildPhases = (
				3AAC30F325ADCE83003A05C0 /* Sources */,
				3AAC30F425ADCE83003A05C0 /* Frameworks */,
				3AAC30F525ADCE83003A05C0 /* Resources */,
			);
			buildRules = (
			);
			dependencies = (
			);
			name = swift_tutorial;
			productName = swift_tutorial;
			productReference = 3AAC30F725ADCE83003A05C0 /* swift_tutorial.app */;
			productType = "com.apple.product-type.application";
		};
/* End PBXNativeTarget section */

/* Begin PBXProject section */
		3AAC30EF25ADCE83003A05C0 /* Project object */ = {
			isa = PBXProject;
			attributes = {
				LastSwiftUpdateCheck = 1230;
				LastUpgradeCheck = 1230;
				TargetAttributes = {
					3AAC30F625ADCE83003A05C0 = {
						CreatedOnToolsVersion = 12.3;
					};
				};
			};
			buildConfigurationList = 3AAC30F225ADCE83003A05C0 /* Build configuration list for PBXProject "swift_tutorial" */;
			compatibilityVersion = "Xcode 9.3";
			developmentRegion = en;
			hasScannedForEncodings = 0;
			knownRegions = (
				en,
				Base,
			);
			mainGroup = 3AAC30EE25ADCE83003A05C0;
			productRefGroup = 3AAC30F825ADCE83003A05C0 /* Products */;
			projectDirPath = "";
			projectRoot = "";
			targets = (
				3AAC30F625ADCE83003A05C0 /* swift_tutorial */,
			);
		};
/* End PBXProject section */

/* Begin PBXResourcesBuildPhase section */
		3AAC30F525ADCE83003A05C0 /* Resources */ = {
			isa = PBXResourcesBuildPhase;
			buildActionMask = 2147483647;
			files = (
				3AAC310725ADCE86003A05C0 /* LaunchScreen.storyboard in Resources */,
				3AAC310425ADCE86003A05C0 /* Assets.xcassets in Resources */,
				3AAC310225ADCE83003A05C0 /* Main.storyboard in Resources */,
			);
			runOnlyForDeploymentPostprocessing = 0;
		};
/* End PBXResourcesBuildPhase section */

/* Begin PBXSourcesBuildPhase section */
		3AAC30F325ADCE83003A05C0 /* Sources */ = {
			isa = PBXSourcesBuildPhase;
			buildActionMask = 2147483647;
			files = (
				3AAC30FF25ADCE83003A05C0 /* ViewController.swift in Sources */,
				3AAC311225ADE12B003A05C0 /* NextViewController.swift in Sources */,
				3AAC30FB25ADCE83003A05C0 /* AppDelegate.swift in Sources */,
				3AAC30FD25ADCE83003A05C0 /* SceneDelegate.swift in Sources */,
			);
			runOnlyForDeploymentPostprocessing = 0;
		};
/* End PBXSourcesBuildPhase section */

/* Begin PBXVariantGroup section */
		3AAC310025ADCE83003A05C0 /* Main.storyboard */ = {
			isa = PBXVariantGroup;
			children = (
				3AAC310125ADCE83003A05C0 /* Base */,
			);
			name = Main.storyboard;
			sourceTree = "<group>";
		};
		3AAC310525ADCE86003A05C0 /* LaunchScreen.storyboard */ = {
			isa = PBXVariantGroup;
			children = (
				3AAC310625ADCE86003A05C0 /* Base */,
			);
			name = LaunchScreen.storyboard;
			sourceTree = "<group>";
		};
/* End PBXVariantGroup section */

/* Begin XCBuildConfiguration section */
		3AAC310925ADCE86003A05C0 /* Debug */ = {
			isa = XCBuildConfiguration;
			buildSettings = {
				ALWAYS_SEARCH_USER_PATHS = NO;
				CLANG_ANALYZER_NONNULL = YES;
				CLANG_ANALYZER_NUMBER_OBJECT_CONVERSION = YES_AGGRESSIVE;
				CLANG_CXX_LANGUAGE_STANDARD = "gnu++14";
				CLANG_CXX_LIBRARY = "libc++";
				CLANG_ENABLE_MODULES = YES;
				CLANG_ENABLE_OBJC_ARC = YES;
				CLANG_ENABLE_OBJC_WEAK = YES;
				CLANG_WARN_BLOCK_CAPTURE_AUTORELEASING = YES;
				CLANG_WARN_BOOL_CONVERSION = YES;
				CLANG_WARN_COMMA = YES;
				CLANG_WARN_CONSTANT_CONVERSION = YES;
				CLANG_WARN_DEPRECATED_OBJC_IMPLEMENTATIONS = YES;
				CLANG_WARN_DIRECT_OBJC_ISA_USAGE = YES_ERROR;
				CLANG_WARN_DOCUMENTATION_COMMENTS = YES;
				CLANG_WARN_EMPTY_BODY = YES;
				CLANG_WARN_ENUM_CONVERSION = YES;
				CLANG_WARN_INFINITE_RECURSION = YES;
				CLANG_WARN_INT_CONVERSION = YES;
				CLANG_WARN_NON_LITERAL_NULL_CONVERSION = YES;
				CLANG_WARN_OBJC_IMPLICIT_RETAIN_SELF = YES;
				CLANG_WARN_OBJC_LITERAL_CONVERSION = YES;
				CLANG_WARN_OBJC_ROOT_CLASS = YES_ERROR;
				CLANG_WARN_QUOTED_INCLUDE_IN_FRAMEWORK_HEADER = YES;
				CLANG_WARN_RANGE_LOOP_ANALYSIS = YES;
				CLANG_WARN_STRICT_PROTOTYPES = YES;
				CLANG_WARN_SUSPICIOUS_MOVE = YES;
				CLANG_WARN_UNGUARDED_AVAILABILITY = YES_AGGRESSIVE;
				CLANG_WARN_UNREACHABLE_CODE = YES;
				CLANG_WARN__DUPLICATE_METHOD_MATCH = YES;
				COPY_PHASE_STRIP = NO;
				DEBUG_INFORMATION_FORMAT = dwarf;
				ENABLE_STRICT_OBJC_MSGSEND = YES;
				ENABLE_TESTABILITY = YES;
				GCC_C_LANGUAGE_STANDARD = gnu11;
				GCC_DYNAMIC_NO_PIC = NO;
				GCC_NO_COMMON_BLOCKS = YES;
				GCC_OPTIMIZATION_LEVEL = 0;
				GCC_PREPROCESSOR_DEFINITIONS = (
					"DEBUG=1",
					"$(inherited)",
				);
				GCC_WARN_64_TO_32_BIT_CONVERSION = YES;
				GCC_WARN_ABOUT_RETURN_TYPE = YES_ERROR;
				GCC_WARN_UNDECLARED_SELECTOR = YES;
				GCC_WARN_UNINITIALIZED_AUTOS = YES_AGGRESSIVE;
				GCC_WARN_UNUSED_FUNCTION = YES;
				GCC_WARN_UNUSED_VARIABLE = YES;
				IPHONEOS_DEPLOYMENT_TARGET = 14.3;
				MTL_ENABLE_DEBUG_INFO = INCLUDE_SOURCE;
				MTL_FAST_MATH = YES;
				ONLY_ACTIVE_ARCH = YES;
				SDKROOT = iphoneos;
				SWIFT_ACTIVE_COMPILATION_CONDITIONS = DEBUG;
				SWIFT_OPTIMIZATION_LEVEL = "-Onone";
			};
			name = Debug;
		};
		3AAC310A25ADCE86003A05C0 /* Release */ = {
			isa = XCBuildConfiguration;
			buildSettings = {
				ALWAYS_SEARCH_USER_PATHS = NO;
				CLANG_ANALYZER_NONNULL = YES;
				CLANG_ANALYZER_NUMBER_OBJECT_CONVERSION = YES_AGGRESSIVE;
				CLANG_CXX_LANGUAGE_STANDARD = "gnu++14";
				CLANG_CXX_LIBRARY = "libc++";
				CLANG_ENABLE_MODULES = YES;
				CLANG_ENABLE_OBJC_ARC = YES;
				CLANG_ENABLE_OBJC_WEAK = YES;
				CLANG_WARN_BLOCK_CAPTURE_AUTORELEASING = YES;
				CLANG_WARN_BOOL_CONVERSION = YES;
				CLANG_WARN_COMMA = YES;
				CLANG_WARN_CONSTANT_CONVERSION = YES;
				CLANG_WARN_DEPRECATED_OBJC_IMPLEMENTATIONS = YES;
				CLANG_WARN_DIRECT_OBJC_ISA_USAGE = YES_ERROR;
				CLANG_WARN_DOCUMENTATION_COMMENTS = YES;
				CLANG_WARN_EMPTY_BODY = YES;
				CLANG_WARN_ENUM_CONVERSION = YES;
				CLANG_WARN_INFINITE_RECURSION = YES;
				CLANG_WARN_INT_CONVERSION = YES;
				CLANG_WARN_NON_LITERAL_NULL_CONVERSION = YES;
				CLANG_WARN_OBJC_IMPLICIT_RETAIN_SELF = YES;
				CLANG_WARN_OBJC_LITERAL_CONVERSION = YES;
				CLANG_WARN_OBJC_ROOT_CLASS = YES_ERROR;
				CLANG_WARN_QUOTED_INCLUDE_IN_FRAMEWORK_HEADER = YES;
				CLANG_WARN_RANGE_LOOP_ANALYSIS = YES;
				CLANG_WARN_STRICT_PROTOTYPES = YES;
				CLANG_WARN_SUSPICIOUS_MOVE = YES;
				CLANG_WARN_UNGUARDED_AVAILABILITY = YES_AGGRESSIVE;
				CLANG_WARN_UNREACHABLE_CODE = YES;
				CLANG_WARN__DUPLICATE_METHOD_MATCH = YES;
				COPY_PHASE_STRIP = NO;
				DEBUG_INFORMATION_FORMAT = "dwarf-with-dsym";
				ENABLE_NS_ASSERTIONS = NO;
				ENABLE_STRICT_OBJC_MSGSEND = YES;
				GCC_C_LANGUAGE_STANDARD = gnu11;
				GCC_NO_COMMON_BLOCKS = YES;
				GCC_WARN_64_TO_32_BIT_CONVERSION = YES;
				GCC_WARN_ABOUT_RETURN_TYPE = YES_ERROR;
				GCC_WARN_UNDECLARED_SELECTOR = YES;
				GCC_WARN_UNINITIALIZED_AUTOS = YES_AGGRESSIVE;
				GCC_WARN_UNUSED_FUNCTION = YES;
				GCC_WARN_UNUSED_VARIABLE = YES;
				IPHONEOS_DEPLOYMENT_TARGET = 14.3;
				MTL_ENABLE_DEBUG_INFO = NO;
				MTL_FAST_MATH = YES;
				SDKROOT = iphoneos;
				SWIFT_COMPILATION_MODE = wholemodule;
				SWIFT_OPTIMIZATION_LEVEL = "-O";
				VALIDATE_PRODUCT = YES;
			};
			name = Release;
		};
		3AAC310C25ADCE86003A05C0 /* Debug */ = {
			isa = XCBuildConfiguration;
			buildSettings = {
				ASSETCATALOG_COMPILER_APPICON_NAME = AppIcon;
				ASSETCATALOG_COMPILER_GLOBAL_ACCENT_COLOR_NAME = AccentColor;
				CODE_SIGN_STYLE = Automatic;
				DEVELOPMENT_TEAM = 4T284DDGB2;
				INFOPLIST_FILE = swift_tutorial/Info.plist;
				LD_RUNPATH_SEARCH_PATHS = (
					"$(inherited)",
					"@executable_path/Frameworks",
				);
				PRODUCT_BUNDLE_IDENTIFIER = "com.jun-web-free.swift-tutorial";
				PRODUCT_NAME = "$(TARGET_NAME)";
				SWIFT_VERSION = 5.0;
				TARGETED_DEVICE_FAMILY = 1;
			};
			name = Debug;
		};
		3AAC310D25ADCE86003A05C0 /* Release */ = {
			isa = XCBuildConfiguration;
			buildSettings = {
				ASSETCATALOG_COMPILER_APPICON_NAME = AppIcon;
				ASSETCATALOG_COMPILER_GLOBAL_ACCENT_COLOR_NAME = AccentColor;
				CODE_SIGN_STYLE = Automatic;
				DEVELOPMENT_TEAM = 4T284DDGB2;
				INFOPLIST_FILE = swift_tutorial/Info.plist;
				LD_RUNPATH_SEARCH_PATHS = (
					"$(inherited)",
					"@executable_path/Frameworks",
				);
				PRODUCT_BUNDLE_IDENTIFIER = "com.jun-web-free.swift-tutorial";
				PRODUCT_NAME = "$(TARGET_NAME)";
				SWIFT_VERSION = 5.0;
				TARGETED_DEVICE_FAMILY = 1;
			};
			name = Release;
		};
/* End XCBuildConfiguration section */

/* Begin XCConfigurationList section */
		3AAC30F225ADCE83003A05C0 /* Build configuration list for PBXProject "swift_tutorial" */ = {
			isa = XCConfigurationList;
			buildConfigurations = (
				3AAC310925ADCE86003A05C0 /* Debug */,
				3AAC310A25ADCE86003A05C0 /* Release */,
			);
			defaultConfigurationIsVisible = 0;
			defaultConfigurationName = Release;
		};
		3AAC310B25ADCE86003A05C0 /* Build configuration list for PBXNativeTarget "swift_tutorial" */ = {
			isa = XCConfigurationList;
			buildConfigurations = (
				3AAC310C25ADCE86003A05C0 /* Debug */,
				3AAC310D25ADCE86003A05C0 /* Release */,
			);
			defaultConfigurationIsVisible = 0;
			defaultConfigurationName = Release;
		};
/* End XCConfigurationList section */
	};
	rootObject = 3AAC30EF25ADCE83003A05C0 /* Project object */;
}
